
Microsoft Visual Studio Solution File, Format Version 12.00
# Visual Studio 2012
Project("{FAE04EC0-301F-11D3-BF4B-00C04F79EFBC}") = "WebApplication1", "WebApplication1\WebApplication1.csproj", "{7078C173-9120-4D57-B537-7284E4B02397}"
EndProject
Project("{FAE04EC0-301F-11D3-BF4B-00C04F79EFBC}") = "Models", "Models\Models.csproj", "{599E4736-69E0-446E-8BA9-AD45C3485E44}"
EndProject
Project("{FAE04EC0-301F-11D3-BF4B-00C04F79EFBC}") = "DAL", "DAL\DAL.csproj", "{EDD9B6DF-71F4-44AD-9FCA-C21AB4902305}"
EndProject
Project("{FAE04EC0-301F-11D3-BF4B-00C04F79EFBC}") = "BLL", "BLL\BLL.csproj", "{13E95D1D-68ED-4BB4-8426-363EB4D043D1}"
EndProject
Global
	GlobalSection(SolutionConfigurationPlatforms) = preSolution
		Debug|Any CPU = Debug|Any CPU
		Release|Any CPU = Release|Any CPU
	EndGlobalSection
	GlobalSection(ProjectConfigurationPlatforms) = postSolution
		{7078C173-9120-4D57-B537-7284E4B02397}.Debug|Any CPU.ActiveCfg = Debug|Any CPU
		{7078C173-9120-4D57-B537-7284E4B02397}.Debug|Any CPU.Build.0 = Debug|Any CPU
		{7078C173-9120-4D57-B537-7284E4B02397}.Release|Any CPU.ActiveCfg = Release|Any CPU
		{7078C173-9120-4D57-B537-7284E4B02397}.Release|Any CPU.Build.0 = Release|Any CPU
		{599E4736-69E0-446E-8BA9-AD45C3485E44}.Debug|Any CPU.ActiveCfg = Debug|Any CPU
		{599E4736-69E0-446E-8BA9-AD45C3485E44}.Debug|Any CPU.Build.0 = Debug|Any CPU
		{599E4736-69E0-446E-8BA9-AD45C3485E44}.Release|Any CPU.ActiveCfg = Release|Any CPU
		{599E4736-69E0-446E-8BA9-AD45C3485E44}.Release|Any CPU.Build.0 = Release|Any CPU
		{EDD9B6DF-71F4-44AD-9FCA-C21AB4902305}.Debug|Any CPU.ActiveCfg = Debug|Any CPU
		{EDD9B6DF-71F4-44AD-9FCA-C21AB4902305}.Debug|Any CPU.Build.0 = Debug|Any CPU
		{EDD9B6DF-71F4-44AD-9FCA-C21AB4902305}.Release|Any CPU.ActiveCfg = Release|Any CPU
		{EDD9B6DF-71F4-44AD-9FCA-C21AB4902305}.Release|Any CPU.Build.0 = Release|Any CPU
		{13E95D1D-68ED-4BB4-8426-363EB4D043D1}.Debug|Any CPU.ActiveCfg = Debug|Any CPU
		{13E95D1D-68ED-4BB4-8426-363EB4D043D1}.Debug|Any CPU.Build.0 = Debug|Any CPU
		{13E95D1D-68ED-4BB4-8426-363EB4D043D1}.Release|Any CPU.ActiveCfg = Release|Any CPU
		{13E95D1D-68ED-4BB4-8426-363EB4D043D1}.Release|Any CPU.Build.0 = Release|Any CPU
	EndGlobalSection
	GlobalSection(SolutionProperties) = preSolution
		HideSolutionNode = FALSE
	EndGlobalSection
EndGlobal
